
Microsoft Visual Studio Solution File, Format Version 12.00
# Visual Studio Version 17
VisualStudioVersion = 17.2.32526.322
MinimumVisualStudioVersion = 10.0.40219.1
Project("{9A19103F-16F7-4668-BE54-9A1E7A4F7556}") = "TDD-Katas", "TDD-Katas.csproj", "{3D86D595-7C1D-4457-9D54-807CEB3F423A}"
EndProject
Global
	GlobalSection(SolutionConfigurationPlatforms) = preSolution
		Debug|Any CPU = Debug|Any CPU
		Release|Any CPU = Release|Any CPU
	EndGlobalSection
	GlobalSection(ProjectConfigurationPlatforms) = postSolution
		{3D86D595-7C1D-4457-9D54-807CEB3F423A}.Debug|Any CPU.ActiveCfg = Debug|Any CPU
		{3D86D595-7C1D-4457-9D54-807CEB3F423A}.Debug|Any CPU.Build.0 = Debug|Any CPU
		{3D86D595-7C1D-4457-9D54-807CEB3F423A}.Release|Any CPU.ActiveCfg = Release|Any CPU
		{3D86D595-7C1D-4457-9D54-807CEB3F423A}.Release|Any CPU.Build.0 = Release|Any CPU
	EndGlobalSection
	GlobalSection(SolutionProperties) = preSolution
		HideSolutionNode = FALSE
	EndGlobalSection
	GlobalSection(ExtensibilityGlobals) = postSolution
		SolutionGuid = {8378AF7E-C03F-433C-999C-F98C19D81A83}
	EndGlobalSection
EndGlobal
